
Microsoft Visual Studio Solution File, Format Version 12.00
# Visual Studio 15
VisualStudioVersion = 15.0.28307.1259
MinimumVisualStudioVersion = 10.0.40219.1
Project("{FAE04EC0-301F-11D3-BF4B-00C04F79EFBC}") = "X-Plane-RT-map", "X-Plane-RT-map.csproj", "{86383D63-5388-4944-8F24-E8D071168E24}"
EndProject
Global
	GlobalSection(SolutionConfigurationPlatforms) = preSolution
		Debug|Any CPU = Debug|Any CPU
		Release|Any CPU = Release|Any CPU
	EndGlobalSection
	GlobalSection(ProjectConfigurationPlatforms) = postSolution
		{86383D63-5388-4944-8F24-E8D071168E24}.Debug|Any CPU.ActiveCfg = Debug|Any CPU
		{86383D63-5388-4944-8F24-E8D071168E24}.Debug|Any CPU.Build.0 = Debug|Any CPU
		{86383D63-5388-4944-8F24-E8D071168E24}.Release|Any CPU.ActiveCfg = Release|Any CPU
		{86383D63-5388-4944-8F24-E8D071168E24}.Release|Any CPU.Build.0 = Release|Any CPU
	EndGlobalSection
	GlobalSection(SolutionProperties) = preSolution
		HideSolutionNode = FALSE
	EndGlobalSection
	GlobalSection(ExtensibilityGlobals) = postSolution
		SolutionGuid = {12C824D1-4698-4FBF-A6D7-C02F8A65D0D7}
	EndGlobalSection
EndGlobal
